
Microsoft Visual Studio Solution File, Format Version 12.00
# Visual Studio Version 17
VisualStudioVersion = 17.9.34701.34
MinimumVisualStudioVersion = 10.0.40219.1
Project("{F184B08F-C81C-45F6-A57F-5ABD9991F28F}") = "OpenIPC Configurator", "OpenIPC Configurator.vbproj", "{D23EA7C6-0FFE-443B-AB1B-1383FDDD0483}"
EndProject
Project("{FAE04EC0-301F-11D3-BF4B-00C04F79EFBC}") = "OpenIPCConfigurator.Cli", "OpenIPCConfigurator.Cli/OpenIPCConfigurator.Cli.csproj", "{684DB443-8EF2-498F-B826-B80EFF55A784}"
EndProject
Project("{FAE04EC0-301F-11D3-BF4B-00C04F79EFBC}") = "OpenIPCConfigurator.Cli.Tests", "OpenIPCConfigurator.Cli.Tests/OpenIPCConfigurator.Cli.Tests.csproj", "{A4DF49A3-3169-4918-98EE-BF3E94CC2B24}"
EndProject
Project("{FAE04EC0-301F-11D3-BF4B-00C04F79EFBC}") = "OpenIPCConfigurator.Shared", "OpenIPCConfigurator.Shared/OpenIPCConfigurator.Shared.csproj", "{B5C2A712-4F8E-4D9A-8F3C-1E2D3A4B5C6D}"
EndProject
Project("{FAE04EC0-301F-11D3-BF4B-00C04F79EFBC}") = "OpenIPCConfigurator.Avalonia", "OpenIPCConfigurator.Avalonia/OpenIPCConfigurator.Avalonia.csproj", "{C7D3B823-5F9E-4E0B-9F4D-2F3E4B5C6D7E}"
EndProject
Global
	GlobalSection(SolutionConfigurationPlatforms) = preSolution
		Debug|Any CPU = Debug|Any CPU
		Release|Any CPU = Release|Any CPU
	EndGlobalSection
GlobalSection(ProjectConfigurationPlatforms) = postSolution
{D23EA7C6-0FFE-443B-AB1B-1383FDDD0483}.Debug|Any CPU.ActiveCfg = Debug|Any CPU
{D23EA7C6-0FFE-443B-AB1B-1383FDDD0483}.Debug|Any CPU.Build.0 = Debug|Any CPU
{D23EA7C6-0FFE-443B-AB1B-1383FDDD0483}.Release|Any CPU.ActiveCfg = Release|Any CPU
{D23EA7C6-0FFE-443B-AB1B-1383FDDD0483}.Release|Any CPU.Build.0 = Release|Any CPU
{684DB443-8EF2-498F-B826-B80EFF55A784}.Debug|Any CPU.ActiveCfg = Debug|Any CPU
{684DB443-8EF2-498F-B826-B80EFF55A784}.Debug|Any CPU.Build.0 = Debug|Any CPU
{684DB443-8EF2-498F-B826-B80EFF55A784}.Release|Any CPU.ActiveCfg = Release|Any CPU
{684DB443-8EF2-498F-B826-B80EFF55A784}.Release|Any CPU.Build.0 = Release|Any CPU
{A4DF49A3-3169-4918-98EE-BF3E94CC2B24}.Debug|Any CPU.ActiveCfg = Debug|Any CPU
{A4DF49A3-3169-4918-98EE-BF3E94CC2B24}.Debug|Any CPU.Build.0 = Debug|Any CPU
{A4DF49A3-3169-4918-98EE-BF3E94CC2B24}.Release|Any CPU.ActiveCfg = Release|Any CPU
{A4DF49A3-3169-4918-98EE-BF3E94CC2B24}.Release|Any CPU.Build.0 = Release|Any CPU
{B5C2A712-4F8E-4D9A-8F3C-1E2D3A4B5C6D}.Debug|Any CPU.ActiveCfg = Debug|Any CPU
{B5C2A712-4F8E-4D9A-8F3C-1E2D3A4B5C6D}.Debug|Any CPU.Build.0 = Debug|Any CPU
{B5C2A712-4F8E-4D9A-8F3C-1E2D3A4B5C6D}.Release|Any CPU.ActiveCfg = Release|Any CPU
{B5C2A712-4F8E-4D9A-8F3C-1E2D3A4B5C6D}.Release|Any CPU.Build.0 = Release|Any CPU
{C7D3B823-5F9E-4E0B-9F4D-2F3E4B5C6D7E}.Debug|Any CPU.ActiveCfg = Debug|Any CPU
{C7D3B823-5F9E-4E0B-9F4D-2F3E4B5C6D7E}.Debug|Any CPU.Build.0 = Debug|Any CPU
{C7D3B823-5F9E-4E0B-9F4D-2F3E4B5C6D7E}.Release|Any CPU.ActiveCfg = Release|Any CPU
{C7D3B823-5F9E-4E0B-9F4D-2F3E4B5C6D7E}.Release|Any CPU.Build.0 = Release|Any CPU
	EndGlobalSection
	GlobalSection(SolutionProperties) = preSolution
		HideSolutionNode = FALSE
	EndGlobalSection
	GlobalSection(ExtensibilityGlobals) = postSolution
		SolutionGuid = {FBBB2934-8060-4A30-A019-7CA87921CDBF}
	EndGlobalSection
EndGlobal
